
Microsoft Visual Studio Solution File, Format Version 12.00
# Visual Studio Version 16
VisualStudioVersion = 16.0.29102.190
MinimumVisualStudioVersion = 10.0.40219.1
Project("{9A19103F-16F7-4668-BE54-9A1E7A4F7556}") = "AzureMapsOpenIdConnect", "AzureMapsOpenIdConnect\AzureMapsOpenIdConnect.csproj", "{EE941E60-96C7-4205-8FC6-46436CF41C33}"
EndProject
Global
	GlobalSection(SolutionConfigurationPlatforms) = preSolution
		Debug|Any CPU = Debug|Any CPU
		Release|Any CPU = Release|Any CPU
	EndGlobalSection
	GlobalSection(ProjectConfigurationPlatforms) = postSolution
		{EE941E60-96C7-4205-8FC6-46436CF41C33}.Debug|Any CPU.ActiveCfg = Debug|Any CPU
		{EE941E60-96C7-4205-8FC6-46436CF41C33}.Debug|Any CPU.Build.0 = Debug|Any CPU
		{EE941E60-96C7-4205-8FC6-46436CF41C33}.Release|Any CPU.ActiveCfg = Release|Any CPU
		{EE941E60-96C7-4205-8FC6-46436CF41C33}.Release|Any CPU.Build.0 = Release|Any CPU
	EndGlobalSection
	GlobalSection(SolutionProperties) = preSolution
		HideSolutionNode = FALSE
	EndGlobalSection
	GlobalSection(ExtensibilityGlobals) = postSolution
		SolutionGuid = {1B24DAEB-74EB-4225-9597-9459116DAD01}
	EndGlobalSection
EndGlobal
